
Microsoft Visual Studio Solution File, Format Version 12.00
# Visual Studio Version 17
VisualStudioVersion = 17.7.34031.279
MinimumVisualStudioVersion = 10.0.40219.1
Project("{FAE04EC0-301F-11D3-BF4B-00C04F79EFBC}") = "EF-AssetTraking-2", "EF-AssetTraking-2\EF-AssetTraking-2.csproj", "{20E9193B-7DD7-408E-9291-243C42B900A8}"
EndProject
Global
	GlobalSection(SolutionConfigurationPlatforms) = preSolution
		Debug|Any CPU = Debug|Any CPU
		Release|Any CPU = Release|Any CPU
	EndGlobalSection
	GlobalSection(ProjectConfigurationPlatforms) = postSolution
		{20E9193B-7DD7-408E-9291-243C42B900A8}.Debug|Any CPU.ActiveCfg = Debug|Any CPU
		{20E9193B-7DD7-408E-9291-243C42B900A8}.Debug|Any CPU.Build.0 = Debug|Any CPU
		{20E9193B-7DD7-408E-9291-243C42B900A8}.Release|Any CPU.ActiveCfg = Release|Any CPU
		{20E9193B-7DD7-408E-9291-243C42B900A8}.Release|Any CPU.Build.0 = Release|Any CPU
	EndGlobalSection
	GlobalSection(SolutionProperties) = preSolution
		HideSolutionNode = FALSE
	EndGlobalSection
	GlobalSection(ExtensibilityGlobals) = postSolution
		SolutionGuid = {4846A09F-0760-4E5B-948B-38EF04630D5A}
	EndGlobalSection
EndGlobal
